{
  "requires": true,
  "lockfileVersion": 1,
  "dependencies": {
    "lodash": {
      "version": "4.17.21",
      "resolved": "https://registry.npmjs.org/lodash/-/lodash-4.17.21.tgz",
      "integrity": "sha512-v2kDEe57lecTulaDIuNTPy3Ry4gLGJ6Z1O3vE1krgXZNrsQ+LFTGHVxVjcXPs17LhbZVGedAJv8XZ1tvj5FvSg=="
    },
    "react-string-replace": {
      "version": "0.4.4",
      "resolved": "https://registry.npmjs.org/react-string-replace/-/react-string-replace-0.4.4.tgz",
      "integrity": "sha512-FAMkhxmDpCsGTwTZg7p/2v+/GTmxAp73so3fbSvlAcBBX36ujiGRNEaM/1u+jiYQrArhns+7eE92g2pi5E5FUA==",
      "requires": {
        "lodash": "^4.17.4"
      }
    }
  }
}
